
Microsoft Visual Studio Solution File, Format Version 12.00
# Visual Studio Version 17
VisualStudioVersion = 17.0.31903.59
MinimumVisualStudioVersion = 15.0.26124.0
Project("{9A19103F-16F7-4668-BE54-9A1E7A4F7556}") = "BlazorUnicode", "src\BlazorUnicode\BlazorUnicode.csproj", "{6E81C86E-DFD8-471A-A874-A8DB3183CE13}"
EndProject
Project("{FAE04EC0-301F-11D3-BF4B-00C04F79EFBC}") = "BlazorUnicodeServer", "src\BlazorUnicodeServer\BlazorUnicodeServer.csproj", "{B759D023-6487-468F-AA7A-BD55DE17E33A}"
EndProject
Project("{2150E333-8FDC-42A3-9474-1A3956D46DE8}") = "Solution Items", "Solution Items", "{6F12DF13-D9FD-474D-9BDD-DA9143472ECC}"
	ProjectSection(SolutionItems) = preProject
		build.ps1 = build.ps1
		Dockerfile = Dockerfile
		Dockerfile.wasm = Dockerfile.wasm
		readme.md = readme.md
		run.ps1 = run.ps1
	EndProjectSection
EndProject
Global
	GlobalSection(SolutionConfigurationPlatforms) = preSolution
		Debug|Any CPU = Debug|Any CPU
		Debug|x64 = Debug|x64
		Debug|x86 = Debug|x86
		Release|Any CPU = Release|Any CPU
		Release|x64 = Release|x64
		Release|x86 = Release|x86
	EndGlobalSection
	GlobalSection(ProjectConfigurationPlatforms) = postSolution
		{6E81C86E-DFD8-471A-A874-A8DB3183CE13}.Debug|Any CPU.ActiveCfg = Debug|Any CPU
		{6E81C86E-DFD8-471A-A874-A8DB3183CE13}.Debug|Any CPU.Build.0 = Debug|Any CPU
		{6E81C86E-DFD8-471A-A874-A8DB3183CE13}.Debug|x64.ActiveCfg = Debug|Any CPU
		{6E81C86E-DFD8-471A-A874-A8DB3183CE13}.Debug|x64.Build.0 = Debug|Any CPU
		{6E81C86E-DFD8-471A-A874-A8DB3183CE13}.Debug|x86.ActiveCfg = Debug|Any CPU
		{6E81C86E-DFD8-471A-A874-A8DB3183CE13}.Debug|x86.Build.0 = Debug|Any CPU
		{6E81C86E-DFD8-471A-A874-A8DB3183CE13}.Release|Any CPU.ActiveCfg = Release|Any CPU
		{6E81C86E-DFD8-471A-A874-A8DB3183CE13}.Release|Any CPU.Build.0 = Release|Any CPU
		{6E81C86E-DFD8-471A-A874-A8DB3183CE13}.Release|x64.ActiveCfg = Release|Any CPU
		{6E81C86E-DFD8-471A-A874-A8DB3183CE13}.Release|x64.Build.0 = Release|Any CPU
		{6E81C86E-DFD8-471A-A874-A8DB3183CE13}.Release|x86.ActiveCfg = Release|Any CPU
		{6E81C86E-DFD8-471A-A874-A8DB3183CE13}.Release|x86.Build.0 = Release|Any CPU
		{B759D023-6487-468F-AA7A-BD55DE17E33A}.Debug|Any CPU.ActiveCfg = Debug|Any CPU
		{B759D023-6487-468F-AA7A-BD55DE17E33A}.Debug|Any CPU.Build.0 = Debug|Any CPU
		{B759D023-6487-468F-AA7A-BD55DE17E33A}.Debug|x64.ActiveCfg = Debug|Any CPU
		{B759D023-6487-468F-AA7A-BD55DE17E33A}.Debug|x64.Build.0 = Debug|Any CPU
		{B759D023-6487-468F-AA7A-BD55DE17E33A}.Debug|x86.ActiveCfg = Debug|Any CPU
		{B759D023-6487-468F-AA7A-BD55DE17E33A}.Debug|x86.Build.0 = Debug|Any CPU
		{B759D023-6487-468F-AA7A-BD55DE17E33A}.Release|Any CPU.ActiveCfg = Release|Any CPU
		{B759D023-6487-468F-AA7A-BD55DE17E33A}.Release|Any CPU.Build.0 = Release|Any CPU
		{B759D023-6487-468F-AA7A-BD55DE17E33A}.Release|x64.ActiveCfg = Release|Any CPU
		{B759D023-6487-468F-AA7A-BD55DE17E33A}.Release|x64.Build.0 = Release|Any CPU
		{B759D023-6487-468F-AA7A-BD55DE17E33A}.Release|x86.ActiveCfg = Release|Any CPU
		{B759D023-6487-468F-AA7A-BD55DE17E33A}.Release|x86.Build.0 = Release|Any CPU
	EndGlobalSection
	GlobalSection(SolutionProperties) = preSolution
		HideSolutionNode = FALSE
	EndGlobalSection
	GlobalSection(ExtensibilityGlobals) = postSolution
		SolutionGuid = {1D428044-2001-4718-AE7E-DAE48ED5ECFC}
	EndGlobalSection
EndGlobal
